// !$*UTF8*$!
{
	archiveVersion = 1;
	classes = {
	};
	objectVersion = 50;
	objects = {

/* Begin PBXBuildFile section */
		86FF9C7E2C69EB77001A0519 /* AppDelegate.m in Sources */ = {isa = PBXBuildFile; fileRef = 86FF9C7D2C69EB77001A0519 /* AppDelegate.m */; };
		86FF9C812C69EB77001A0519 /* SceneDelegate.m in Sources */ = {isa = PBXBuildFile; fileRef = 86FF9C802C69EB77001A0519 /* SceneDelegate.m */; };
		86FF9C842C69EB77001A0519 /* ViewController.m in Sources */ = {isa = PBXBuildFile; fileRef = 86FF9C832C69EB77001A0519 /* ViewController.m */; };
		86FF9C872C69EB78001A0519 /* Main.storyboard in Resources */ = {isa = PBXBuildFile; fileRef = 86FF9C852C69EB78001A0519 /* Main.storyboard */; };
		86FF9C892C69EB7E001A0519 /* Assets.xcassets in Resources */ = {isa = PBXBuildFile; fileRef = 86FF9C882C69EB7E001A0519 /* Assets.xcassets */; };
		86FF9C8C2C69EB7E001A0519 /* LaunchScreen.storyboard in Resources */ = {isa = PBXBuildFile; fileRef = 86FF9C8A2C69EB7E001A0519 /* LaunchScreen.storyboard */; };
		86FF9C8F2C69EB7E001A0519 /* main.m in Sources */ = {isa = PBXBuildFile; fileRef = 86FF9C8E2C69EB7E001A0519 /* main.m */; };
		86FF9C992C69EBD6001A0519 /* GWScrollView.m in Sources */ = {isa = PBXBuildFile; fileRef = 86FF9C962C69EBD6001A0519 /* GWScrollView.m */; };
		86FF9C9A2C69EBD6001A0519 /* SyncScrollContext.m in Sources */ = {isa = PBXBuildFile; fileRef = 86FF9C982C69EBD6001A0519 /* SyncScrollContext.m */; };
/* End PBXBuildFile section */

/* Begin PBXFileReference section */
		86FF9C792C69EB77001A0519 /* ScrollViewNestOC.app */ = {isa = PBXFileReference; explicitFileType = wrapper.application; includeInIndex = 0; path = ScrollViewNestOC.app; sourceTree = BUILT_PRODUCTS_DIR; };
		86FF9C7C2C69EB77001A0519 /* AppDelegate.h */ = {isa = PBXFileReference; lastKnownFileType = sourcecode.c.h; path = AppDelegate.h; sourceTree = "<group>"; };
		86FF9C7D2C69EB77001A0519 /* AppDelegate.m */ = {isa = PBXFileReference; lastKnownFileType = sourcecode.c.objc; path = AppDelegate.m; sourceTree = "<group>"; };
		86FF9C7F2C69EB77001A0519 /* SceneDelegate.h */ = {isa = PBXFileReference; lastKnownFileType = sourcecode.c.h; path = SceneDelegate.h; sourceTree = "<group>"; };
		86FF9C802C69EB77001A0519 /* SceneDelegate.m */ = {isa = PBXFileReference; lastKnownFileType = sourcecode.c.objc; path = SceneDelegate.m; sourceTree = "<group>"; };
		86FF9C822C69EB77001A0519 /* ViewController.h */ = {isa = PBXFileReference; lastKnownFileType = sourcecode.c.h; path = ViewController.h; sourceTree = "<group>"; };
		86FF9C832C69EB77001A0519 /* ViewController.m */ = {isa = PBXFileReference; lastKnownFileType = sourcecode.c.objc; path = ViewController.m; sourceTree = "<group>"; };
		86FF9C862C69EB78001A0519 /* Base */ = {isa = PBXFileReference; lastKnownFileType = file.storyboard; name = Base; path = Base.lproj/Main.storyboard; sourceTree = "<group>"; };
		86FF9C882C69EB7E001A0519 /* Assets.xcassets */ = {isa = PBXFileReference; lastKnownFileType = folder.assetcatalog; path = Assets.xcassets; sourceTree = "<group>"; };
		86FF9C8B2C69EB7E001A0519 /* Base */ = {isa = PBXFileReference; lastKnownFileType = file.storyboard; name = Base; path = Base.lproj/LaunchScreen.storyboard; sourceTree = "<group>"; };
		86FF9C8D2C69EB7E001A0519 /* Info.plist */ = {isa = PBXFileReference; lastKnownFileType = text.plist.xml; path = Info.plist; sourceTree = "<group>"; };
		86FF9C8E2C69EB7E001A0519 /* main.m */ = {isa = PBXFileReference; lastKnownFileType = sourcecode.c.objc; path = main.m; sourceTree = "<group>"; };
		86FF9C952C69EBD6001A0519 /* SyncScrollContext.h */ = {isa = PBXFileReference; fileEncoding = 4; lastKnownFileType = sourcecode.c.h; path = SyncScrollContext.h; sourceTree = "<group>"; };
		86FF9C962C69EBD6001A0519 /* GWScrollView.m */ = {isa = PBXFileReference; fileEncoding = 4; lastKnownFileType = sourcecode.c.objc; path = GWScrollView.m; sourceTree = "<group>"; };
		86FF9C972C69EBD6001A0519 /* GWScrollView.h */ = {isa = PBXFileReference; fileEncoding = 4; lastKnownFileType = sourcecode.c.h; path = GWScrollView.h; sourceTree = "<group>"; };
		86FF9C982C69EBD6001A0519 /* SyncScrollContext.m */ = {isa = PBXFileReference; fileEncoding = 4; lastKnownFileType = sourcecode.c.objc; path = SyncScrollContext.m; sourceTree = "<group>"; };
/* End PBXFileReference section */

/* Begin PBXFrameworksBuildPhase section */
		86FF9C762C69EB77001A0519 /* Frameworks */ = {
			isa = PBXFrameworksBuildPhase;
			buildActionMask = 2147483647;
			files = (
			);
			runOnlyForDeploymentPostprocessing = 0;
		};
/* End PBXFrameworksBuildPhase section */

/* Begin PBXGroup section */
		86FF9C702C69EB77001A0519 = {
			isa = PBXGroup;
			children = (
				86FF9C7B2C69EB77001A0519 /* ScrollViewNestOC */,
				86FF9C7A2C69EB77001A0519 /* Products */,
			);
			sourceTree = "<group>";
		};
		86FF9C7A2C69EB77001A0519 /* Products */ = {
			isa = PBXGroup;
			children = (
				86FF9C792C69EB77001A0519 /* ScrollViewNestOC.app */,
			);
			name = Products;
			sourceTree = "<group>";
		};
		86FF9C7B2C69EB77001A0519 /* ScrollViewNestOC */ = {
			isa = PBXGroup;
			children = (
				86FF9C7C2C69EB77001A0519 /* AppDelegate.h */,
				86FF9C7D2C69EB77001A0519 /* AppDelegate.m */,
				86FF9C7F2C69EB77001A0519 /* SceneDelegate.h */,
				86FF9C802C69EB77001A0519 /* SceneDelegate.m */,
				86FF9C822C69EB77001A0519 /* ViewController.h */,
				86FF9C832C69EB77001A0519 /* ViewController.m */,
				86FF9C972C69EBD6001A0519 /* GWScrollView.h */,
				86FF9C962C69EBD6001A0519 /* GWScrollView.m */,
				86FF9C952C69EBD6001A0519 /* SyncScrollContext.h */,
				86FF9C982C69EBD6001A0519 /* SyncScrollContext.m */,
				86FF9C852C69EB78001A0519 /* Main.storyboard */,
				86FF9C882C69EB7E001A0519 /* Assets.xcassets */,
				86FF9C8A2C69EB7E001A0519 /* LaunchScreen.storyboard */,
				86FF9C8D2C69EB7E001A0519 /* Info.plist */,
				86FF9C8E2C69EB7E001A0519 /* main.m */,
			);
			path = ScrollViewNestOC;
			sourceTree = "<group>";
		};
/* End PBXGroup section */

/* Begin PBXNativeTarget section */
		86FF9C782C69EB77001A0519 /* ScrollViewNestOC */ = {
			isa = PBXNativeTarget;
			buildConfigurationList = 86FF9C922C69EB7E001A0519 /* Build configuration list for PBXNativeTarget "ScrollViewNestOC" */;
			buildPhases = (
				86FF9C752C69EB77001A0519 /* Sources */,
				86FF9C762C69EB77001A0519 /* Frameworks */,
				86FF9C772C69EB77001A0519 /* Resources */,
			);
			buildRules = (
			);
			dependencies = (
			);
			name = ScrollViewNestOC;
			productName = ScrollViewNestOC;
			productReference = 86FF9C792C69EB77001A0519 /* ScrollViewNestOC.app */;
			productType = "com.apple.product-type.application";
		};
/* End PBXNativeTarget section */

/* Begin PBXProject section */
		86FF9C712C69EB77001A0519 /* Project object */ = {
			isa = PBXProject;
			attributes = {
				LastUpgradeCheck = 1130;
				ORGANIZATIONNAME = Gavin;
				TargetAttributes = {
					86FF9C782C69EB77001A0519 = {
						CreatedOnToolsVersion = 11.3.1;
					};
				};
			};
			buildConfigurationList = 86FF9C742C69EB77001A0519 /* Build configuration list for PBXProject "ScrollViewNestOC" */;
			compatibilityVersion = "Xcode 9.3";
			developmentRegion = en;
			hasScannedForEncodings = 0;
			knownRegions = (
				en,
				Base,
			);
			mainGroup = 86FF9C702C69EB77001A0519;
			productRefGroup = 86FF9C7A2C69EB77001A0519 /* Products */;
			projectDirPath = "";
			projectRoot = "";
			targets = (
				86FF9C782C69EB77001A0519 /* ScrollViewNestOC */,
			);
		};
/* End PBXProject section */

/* Begin PBXResourcesBuildPhase section */
		86FF9C772C69EB77001A0519 /* Resources */ = {
			isa = PBXResourcesBuildPhase;
			buildActionMask = 2147483647;
			files = (
				86FF9C8C2C69EB7E001A0519 /* LaunchScreen.storyboard in Resources */,
				86FF9C892C69EB7E001A0519 /* Assets.xcassets in Resources */,
				86FF9C872C69EB78001A0519 /* Main.storyboard in Resources */,
			);
			runOnlyForDeploymentPostprocessing = 0;
		};
/* End PBXResourcesBuildPhase section */

/* Begin PBXSourcesBuildPhase section */
		86FF9C752C69EB77001A0519 /* Sources */ = {
			isa = PBXSourcesBuildPhase;
			buildActionMask = 2147483647;
			files = (
				86FF9C992C69EBD6001A0519 /* GWScrollView.m in Sources */,
				86FF9C842C69EB77001A0519 /* ViewController.m in Sources */,
				86FF9C7E2C69EB77001A0519 /* AppDelegate.m in Sources */,
				86FF9C8F2C69EB7E001A0519 /* main.m in Sources */,
				86FF9C812C69EB77001A0519 /* SceneDelegate.m in Sources */,
				86FF9C9A2C69EBD6001A0519 /* SyncScrollContext.m in Sources */,
			);
			runOnlyForDeploymentPostprocessing = 0;
		};
/* End PBXSourcesBuildPhase section */

/* Begin PBXVariantGroup section */
		86FF9C852C69EB78001A0519 /* Main.storyboard */ = {
			isa = PBXVariantGroup;
			children = (
				86FF9C862C69EB78001A0519 /* Base */,
			);
			name = Main.storyboard;
			sourceTree = "<group>";
		};
		86FF9C8A2C69EB7E001A0519 /* LaunchScreen.storyboard */ = {
			isa = PBXVariantGroup;
			children = (
				86FF9C8B2C69EB7E001A0519 /* Base */,
			);
			name = LaunchScreen.storyboard;
			sourceTree = "<group>";
		};
/* End PBXVariantGroup section */

/* Begin XCBuildConfiguration section */
		86FF9C902C69EB7E001A0519 /* Debug */ = {
			isa = XCBuildConfiguration;
			buildSettings = {
				ALWAYS_SEARCH_USER_PATHS = NO;
				CLANG_ANALYZER_NONNULL = YES;
				CLANG_ANALYZER_NUMBER_OBJECT_CONVERSION = YES_AGGRESSIVE;
				CLANG_CXX_LANGUAGE_STANDARD = "gnu++14";
				CLANG_CXX_LIBRARY = "libc++";
				CLANG_ENABLE_MODULES = YES;
				CLANG_ENABLE_OBJC_ARC = YES;
				CLANG_ENABLE_OBJC_WEAK = YES;
				CLANG_WARN_BLOCK_CAPTURE_AUTORELEASING = YES;
				CLANG_WARN_BOOL_CONVERSION = YES;
				CLANG_WARN_COMMA = YES;
				CLANG_WARN_CONSTANT_CONVERSION = YES;
				CLANG_WARN_DEPRECATED_OBJC_IMPLEMENTATIONS = YES;
				CLANG_WARN_DIRECT_OBJC_ISA_USAGE = YES_ERROR;
				CLANG_WARN_DOCUMENTATION_COMMENTS = YES;
				CLANG_WARN_EMPTY_BODY = YES;
				CLANG_WARN_ENUM_CONVERSION = YES;
				CLANG_WARN_INFINITE_RECURSION = YES;
				CLANG_WARN_INT_CONVERSION = YES;
				CLANG_WARN_NON_LITERAL_NULL_CONVERSION = YES;
				CLANG_WARN_OBJC_IMPLICIT_RETAIN_SELF = YES;
				CLANG_WARN_OBJC_LITERAL_CONVERSION = YES;
				CLANG_WARN_OBJC_ROOT_CLASS = YES_ERROR;
				CLANG_WARN_RANGE_LOOP_ANALYSIS = YES;
				CLANG_WARN_STRICT_PROTOTYPES = YES;
				CLANG_WARN_SUSPICIOUS_MOVE = YES;
				CLANG_WARN_UNGUARDED_AVAILABILITY = YES_AGGRESSIVE;
				CLANG_WARN_UNREACHABLE_CODE = YES;
				CLANG_WARN__DUPLICATE_METHOD_MATCH = YES;
				COPY_PHASE_STRIP = NO;
				DEBUG_INFORMATION_FORMAT = dwarf;
				ENABLE_STRICT_OBJC_MSGSEND = YES;
				ENABLE_TESTABILITY = YES;
				GCC_C_LANGUAGE_STANDARD = gnu11;
				GCC_DYNAMIC_NO_PIC = NO;
				GCC_NO_COMMON_BLOCKS = YES;
				GCC_OPTIMIZATION_LEVEL = 0;
				GCC_PREPROCESSOR_DEFINITIONS = (
					"DEBUG=1",
					"$(inherited)",
				);
				GCC_WARN_64_TO_32_BIT_CONVERSION = YES;
				GCC_WARN_ABOUT_RETURN_TYPE = YES_ERROR;
				GCC_WARN_UNDECLARED_SELECTOR = YES;
				GCC_WARN_UNINITIALIZED_AUTOS = YES_AGGRESSIVE;
				GCC_WARN_UNUSED_FUNCTION = YES;
				GCC_WARN_UNUSED_VARIABLE = YES;
				IPHONEOS_DEPLOYMENT_TARGET = 13.2;
				MTL_ENABLE_DEBUG_INFO = INCLUDE_SOURCE;
				MTL_FAST_MATH = YES;
				ONLY_ACTIVE_ARCH = YES;
				SDKROOT = iphoneos;
			};
			name = Debug;
		};
		86FF9C912C69EB7E001A0519 /* Release */ = {
			isa = XCBuildConfiguration;
			buildSettings = {
				ALWAYS_SEARCH_USER_PATHS = NO;
				CLANG_ANALYZER_NONNULL = YES;
				CLANG_ANALYZER_NUMBER_OBJECT_CONVERSION = YES_AGGRESSIVE;
				CLANG_CXX_LANGUAGE_STANDARD = "gnu++14";
				CLANG_CXX_LIBRARY = "libc++";
				CLANG_ENABLE_MODULES = YES;
				CLANG_ENABLE_OBJC_ARC = YES;
				CLANG_ENABLE_OBJC_WEAK = YES;
				CLANG_WARN_BLOCK_CAPTURE_AUTORELEASING = YES;
				CLANG_WARN_BOOL_CONVERSION = YES;
				CLANG_WARN_COMMA = YES;
				CLANG_WARN_CONSTANT_CONVERSION = YES;
				CLANG_WARN_DEPRECATED_OBJC_IMPLEMENTATIONS = YES;
				CLANG_WARN_DIRECT_OBJC_ISA_USAGE = YES_ERROR;
				CLANG_WARN_DOCUMENTATION_COMMENTS = YES;
				CLANG_WARN_EMPTY_BODY = YES;
				CLANG_WARN_ENUM_CONVERSION = YES;
				CLANG_WARN_INFINITE_RECURSION = YES;
				CLANG_WARN_INT_CONVERSION = YES;
				CLANG_WARN_NON_LITERAL_NULL_CONVERSION = YES;
				CLANG_WARN_OBJC_IMPLICIT_RETAIN_SELF = YES;
				CLANG_WARN_OBJC_LITERAL_CONVERSION = YES;
				CLANG_WARN_OBJC_ROOT_CLASS = YES_ERROR;
				CLANG_WARN_RANGE_LOOP_ANALYSIS = YES;
				CLANG_WARN_STRICT_PROTOTYPES = YES;
				CLANG_WARN_SUSPICIOUS_MOVE = YES;
				CLANG_WARN_UNGUARDED_AVAILABILITY = YES_AGGRESSIVE;
				CLANG_WARN_UNREACHABLE_CODE = YES;
				CLANG_WARN__DUPLICATE_METHOD_MATCH = YES;
				COPY_PHASE_STRIP = NO;
				DEBUG_INFORMATION_FORMAT = "dwarf-with-dsym";
				ENABLE_NS_ASSERTIONS = NO;
				ENABLE_STRICT_OBJC_MSGSEND = YES;
				GCC_C_LANGUAGE_STANDARD = gnu11;
				GCC_NO_COMMON_BLOCKS = YES;
				GCC_WARN_64_TO_32_BIT_CONVERSION = YES;
				GCC_WARN_ABOUT_RETURN_TYPE = YES_ERROR;
				GCC_WARN_UNDECLARED_SELECTOR = YES;
				GCC_WARN_UNINITIALIZED_AUTOS = YES_AGGRESSIVE;
				GCC_WARN_UNUSED_FUNCTION = YES;
				GCC_WARN_UNUSED_VARIABLE = YES;
				IPHONEOS_DEPLOYMENT_TARGET = 13.2;
				MTL_ENABLE_DEBUG_INFO = NO;
				MTL_FAST_MATH = YES;
				SDKROOT = iphoneos;
				VALIDATE_PRODUCT = YES;
			};
			name = Release;
		};
		86FF9C932C69EB7E001A0519 /* Debug */ = {
			isa = XCBuildConfiguration;
			buildSettings = {
				ASSETCATALOG_COMPILER_APPICON_NAME = AppIcon;
				CODE_SIGN_STYLE = Automatic;
				INFOPLIST_FILE = ScrollViewNestOC/Info.plist;
				LD_RUNPATH_SEARCH_PATHS = (
					"$(inherited)",
					"@executable_path/Frameworks",
				);
				PRODUCT_BUNDLE_IDENTIFIER = "-.ScrollViewNestOC";
				PRODUCT_NAME = "$(TARGET_NAME)";
				TARGETED_DEVICE_FAMILY = "1,2";
			};
			name = Debug;
		};
		86FF9C942C69EB7E001A0519 /* Release */ = {
			isa = XCBuildConfiguration;
			buildSettings = {
				ASSETCATALOG_COMPILER_APPICON_NAME = AppIcon;
				CODE_SIGN_STYLE = Automatic;
				INFOPLIST_FILE = ScrollViewNestOC/Info.plist;
				LD_RUNPATH_SEARCH_PATHS = (
					"$(inherited)",
					"@executable_path/Frameworks",
				);
				PRODUCT_BUNDLE_IDENTIFIER = "-.ScrollViewNestOC";
				PRODUCT_NAME = "$(TARGET_NAME)";
				TARGETED_DEVICE_FAMILY = "1,2";
			};
			name = Release;
		};
/* End XCBuildConfiguration section */

/* Begin XCConfigurationList section */
		86FF9C742C69EB77001A0519 /* Build configuration list for PBXProject "ScrollViewNestOC" */ = {
			isa = XCConfigurationList;
			buildConfigurations = (
				86FF9C902C69EB7E001A0519 /* Debug */,
				86FF9C912C69EB7E001A0519 /* Release */,
			);
			defaultConfigurationIsVisible = 0;
			defaultConfigurationName = Release;
		};
		86FF9C922C69EB7E001A0519 /* Build configuration list for PBXNativeTarget "ScrollViewNestOC" */ = {
			isa = XCConfigurationList;
			buildConfigurations = (
				86FF9C932C69EB7E001A0519 /* Debug */,
				86FF9C942C69EB7E001A0519 /* Release */,
			);
			defaultConfigurationIsVisible = 0;
			defaultConfigurationName = Release;
		};
/* End XCConfigurationList section */
	};
	rootObject = 86FF9C712C69EB77001A0519 /* Project object */;
}
